
Microsoft Visual Studio Solution File, Format Version 12.00
# Visual Studio 14
VisualStudioVersion = 14.0.25420.1
MinimumVisualStudioVersion = 10.0.40219.1
Project("{FAE04EC0-301F-11D3-BF4B-00C04F79EFBC}") = "AlipayBinding_Droid", "AlipayBinding_Droid\AlipayBinding_Droid.csproj", "{CD6677C4-9035-4D6E-BB1B-1FF172314DFE}"
EndProject
Project("{FAE04EC0-301F-11D3-BF4B-00C04F79EFBC}") = "AlipayBinding_Ios", "AlipayBinding_Ios\AlipayBinding_Ios.csproj", "{CDC3BA71-0222-42C6-87D0-8FA97F42FE66}"
EndProject
Project("{FAE04EC0-301F-11D3-BF4B-00C04F79EFBC}") = "AlipayBinding_droid.Sample", "AlipayBinding_droid.Sample\AlipayBinding_droid.Sample.csproj", "{FB45D859-C4FA-4D23-8E2C-8BB73CFE1176}"
EndProject
Project("{FAE04EC0-301F-11D3-BF4B-00C04F79EFBC}") = "AlipayBinding_Ios.Sample", "AlipayBinding_Ios.Sample\AlipayBinding_Ios.Sample.csproj", "{45E1AF1F-C1C9-42F3-8B0E-CD0D9774EEC3}"
EndProject
Global
	GlobalSection(SolutionConfigurationPlatforms) = preSolution
		Ad-Hoc|Any CPU = Ad-Hoc|Any CPU
		Ad-Hoc|iPhone = Ad-Hoc|iPhone
		Ad-Hoc|iPhoneSimulator = Ad-Hoc|iPhoneSimulator
		AppStore|Any CPU = AppStore|Any CPU
		AppStore|iPhone = AppStore|iPhone
		AppStore|iPhoneSimulator = AppStore|iPhoneSimulator
		Debug|Any CPU = Debug|Any CPU
		Debug|iPhone = Debug|iPhone
		Debug|iPhoneSimulator = Debug|iPhoneSimulator
		Release|Any CPU = Release|Any CPU
		Release|iPhone = Release|iPhone
		Release|iPhoneSimulator = Release|iPhoneSimulator
	EndGlobalSection
	GlobalSection(ProjectConfigurationPlatforms) = postSolution
		{CD6677C4-9035-4D6E-BB1B-1FF172314DFE}.Ad-Hoc|Any CPU.ActiveCfg = Release|Any CPU
		{CD6677C4-9035-4D6E-BB1B-1FF172314DFE}.Ad-Hoc|Any CPU.Build.0 = Release|Any CPU
		{CD6677C4-9035-4D6E-BB1B-1FF172314DFE}.Ad-Hoc|iPhone.ActiveCfg = Release|Any CPU
		{CD6677C4-9035-4D6E-BB1B-1FF172314DFE}.Ad-Hoc|iPhone.Build.0 = Release|Any CPU
		{CD6677C4-9035-4D6E-BB1B-1FF172314DFE}.Ad-Hoc|iPhoneSimulator.ActiveCfg = Release|Any CPU
		{CD6677C4-9035-4D6E-BB1B-1FF172314DFE}.Ad-Hoc|iPhoneSimulator.Build.0 = Release|Any CPU
		{CD6677C4-9035-4D6E-BB1B-1FF172314DFE}.AppStore|Any CPU.ActiveCfg = Release|Any CPU
		{CD6677C4-9035-4D6E-BB1B-1FF172314DFE}.AppStore|Any CPU.Build.0 = Release|Any CPU
		{CD6677C4-9035-4D6E-BB1B-1FF172314DFE}.AppStore|iPhone.ActiveCfg = Release|Any CPU
		{CD6677C4-9035-4D6E-BB1B-1FF172314DFE}.AppStore|iPhone.Build.0 = Release|Any CPU
		{CD6677C4-9035-4D6E-BB1B-1FF172314DFE}.AppStore|iPhoneSimulator.ActiveCfg = Release|Any CPU
		{CD6677C4-9035-4D6E-BB1B-1FF172314DFE}.AppStore|iPhoneSimulator.Build.0 = Release|Any CPU
		{CD6677C4-9035-4D6E-BB1B-1FF172314DFE}.Debug|Any CPU.ActiveCfg = Debug|Any CPU
		{CD6677C4-9035-4D6E-BB1B-1FF172314DFE}.Debug|Any CPU.Build.0 = Debug|Any CPU
		{CD6677C4-9035-4D6E-BB1B-1FF172314DFE}.Debug|iPhone.ActiveCfg = Debug|Any CPU
		{CD6677C4-9035-4D6E-BB1B-1FF172314DFE}.Debug|iPhone.Build.0 = Debug|Any CPU
		{CD6677C4-9035-4D6E-BB1B-1FF172314DFE}.Debug|iPhoneSimulator.ActiveCfg = Debug|Any CPU
		{CD6677C4-9035-4D6E-BB1B-1FF172314DFE}.Debug|iPhoneSimulator.Build.0 = Debug|Any CPU
		{CD6677C4-9035-4D6E-BB1B-1FF172314DFE}.Release|Any CPU.ActiveCfg = Release|Any CPU
		{CD6677C4-9035-4D6E-BB1B-1FF172314DFE}.Release|Any CPU.Build.0 = Release|Any CPU
		{CD6677C4-9035-4D6E-BB1B-1FF172314DFE}.Release|iPhone.ActiveCfg = Release|Any CPU
		{CD6677C4-9035-4D6E-BB1B-1FF172314DFE}.Release|iPhone.Build.0 = Release|Any CPU
		{CD6677C4-9035-4D6E-BB1B-1FF172314DFE}.Release|iPhoneSimulator.ActiveCfg = Release|Any CPU
		{CD6677C4-9035-4D6E-BB1B-1FF172314DFE}.Release|iPhoneSimulator.Build.0 = Release|Any CPU
		{CDC3BA71-0222-42C6-87D0-8FA97F42FE66}.Ad-Hoc|Any CPU.ActiveCfg = Release|Any CPU
		{CDC3BA71-0222-42C6-87D0-8FA97F42FE66}.Ad-Hoc|Any CPU.Build.0 = Release|Any CPU
		{CDC3BA71-0222-42C6-87D0-8FA97F42FE66}.Ad-Hoc|iPhone.ActiveCfg = Release|Any CPU
		{CDC3BA71-0222-42C6-87D0-8FA97F42FE66}.Ad-Hoc|iPhone.Build.0 = Release|Any CPU
		{CDC3BA71-0222-42C6-87D0-8FA97F42FE66}.Ad-Hoc|iPhoneSimulator.ActiveCfg = Release|Any CPU
		{CDC3BA71-0222-42C6-87D0-8FA97F42FE66}.Ad-Hoc|iPhoneSimulator.Build.0 = Release|Any CPU
		{CDC3BA71-0222-42C6-87D0-8FA97F42FE66}.AppStore|Any CPU.ActiveCfg = Release|Any CPU
		{CDC3BA71-0222-42C6-87D0-8FA97F42FE66}.AppStore|Any CPU.Build.0 = Release|Any CPU
		{CDC3BA71-0222-42C6-87D0-8FA97F42FE66}.AppStore|iPhone.ActiveCfg = Release|Any CPU
		{CDC3BA71-0222-42C6-87D0-8FA97F42FE66}.AppStore|iPhone.Build.0 = Release|Any CPU
		{CDC3BA71-0222-42C6-87D0-8FA97F42FE66}.AppStore|iPhoneSimulator.ActiveCfg = Release|Any CPU
		{CDC3BA71-0222-42C6-87D0-8FA97F42FE66}.AppStore|iPhoneSimulator.Build.0 = Release|Any CPU
		{CDC3BA71-0222-42C6-87D0-8FA97F42FE66}.Debug|Any CPU.ActiveCfg = Debug|Any CPU
		{CDC3BA71-0222-42C6-87D0-8FA97F42FE66}.Debug|Any CPU.Build.0 = Debug|Any CPU
		{CDC3BA71-0222-42C6-87D0-8FA97F42FE66}.Debug|iPhone.ActiveCfg = Debug|Any CPU
		{CDC3BA71-0222-42C6-87D0-8FA97F42FE66}.Debug|iPhone.Build.0 = Debug|Any CPU
		{CDC3BA71-0222-42C6-87D0-8FA97F42FE66}.Debug|iPhoneSimulator.ActiveCfg = Debug|Any CPU
		{CDC3BA71-0222-42C6-87D0-8FA97F42FE66}.Debug|iPhoneSimulator.Build.0 = Debug|Any CPU
		{CDC3BA71-0222-42C6-87D0-8FA97F42FE66}.Release|Any CPU.ActiveCfg = Release|Any CPU
		{CDC3BA71-0222-42C6-87D0-8FA97F42FE66}.Release|Any CPU.Build.0 = Release|Any CPU
		{CDC3BA71-0222-42C6-87D0-8FA97F42FE66}.Release|iPhone.ActiveCfg = Release|Any CPU
		{CDC3BA71-0222-42C6-87D0-8FA97F42FE66}.Release|iPhone.Build.0 = Release|Any CPU
		{CDC3BA71-0222-42C6-87D0-8FA97F42FE66}.Release|iPhoneSimulator.ActiveCfg = Release|Any CPU
		{CDC3BA71-0222-42C6-87D0-8FA97F42FE66}.Release|iPhoneSimulator.Build.0 = Release|Any CPU
		{FB45D859-C4FA-4D23-8E2C-8BB73CFE1176}.Ad-Hoc|Any CPU.ActiveCfg = Release|Any CPU
		{FB45D859-C4FA-4D23-8E2C-8BB73CFE1176}.Ad-Hoc|Any CPU.Build.0 = Release|Any CPU
		{FB45D859-C4FA-4D23-8E2C-8BB73CFE1176}.Ad-Hoc|Any CPU.Deploy.0 = Release|Any CPU
		{FB45D859-C4FA-4D23-8E2C-8BB73CFE1176}.Ad-Hoc|iPhone.ActiveCfg = Release|Any CPU
		{FB45D859-C4FA-4D23-8E2C-8BB73CFE1176}.Ad-Hoc|iPhone.Build.0 = Release|Any CPU
		{FB45D859-C4FA-4D23-8E2C-8BB73CFE1176}.Ad-Hoc|iPhone.Deploy.0 = Release|Any CPU
		{FB45D859-C4FA-4D23-8E2C-8BB73CFE1176}.Ad-Hoc|iPhoneSimulator.ActiveCfg = Release|Any CPU
		{FB45D859-C4FA-4D23-8E2C-8BB73CFE1176}.Ad-Hoc|iPhoneSimulator.Build.0 = Release|Any CPU
		{FB45D859-C4FA-4D23-8E2C-8BB73CFE1176}.Ad-Hoc|iPhoneSimulator.Deploy.0 = Release|Any CPU
		{FB45D859-C4FA-4D23-8E2C-8BB73CFE1176}.AppStore|Any CPU.ActiveCfg = Release|Any CPU
		{FB45D859-C4FA-4D23-8E2C-8BB73CFE1176}.AppStore|Any CPU.Build.0 = Release|Any CPU
		{FB45D859-C4FA-4D23-8E2C-8BB73CFE1176}.AppStore|Any CPU.Deploy.0 = Release|Any CPU
		{FB45D859-C4FA-4D23-8E2C-8BB73CFE1176}.AppStore|iPhone.ActiveCfg = Release|Any CPU
		{FB45D859-C4FA-4D23-8E2C-8BB73CFE1176}.AppStore|iPhone.Build.0 = Release|Any CPU
		{FB45D859-C4FA-4D23-8E2C-8BB73CFE1176}.AppStore|iPhone.Deploy.0 = Release|Any CPU
		{FB45D859-C4FA-4D23-8E2C-8BB73CFE1176}.AppStore|iPhoneSimulator.ActiveCfg = Release|Any CPU
		{FB45D859-C4FA-4D23-8E2C-8BB73CFE1176}.AppStore|iPhoneSimulator.Build.0 = Release|Any CPU
		{FB45D859-C4FA-4D23-8E2C-8BB73CFE1176}.AppStore|iPhoneSimulator.Deploy.0 = Release|Any CPU
		{FB45D859-C4FA-4D23-8E2C-8BB73CFE1176}.Debug|Any CPU.ActiveCfg = Debug|Any CPU
		{FB45D859-C4FA-4D23-8E2C-8BB73CFE1176}.Debug|Any CPU.Build.0 = Debug|Any CPU
		{FB45D859-C4FA-4D23-8E2C-8BB73CFE1176}.Debug|Any CPU.Deploy.0 = Debug|Any CPU
		{FB45D859-C4FA-4D23-8E2C-8BB73CFE1176}.Debug|iPhone.ActiveCfg = Debug|Any CPU
		{FB45D859-C4FA-4D23-8E2C-8BB73CFE1176}.Debug|iPhone.Build.0 = Debug|Any CPU
		{FB45D859-C4FA-4D23-8E2C-8BB73CFE1176}.Debug|iPhone.Deploy.0 = Debug|Any CPU
		{FB45D859-C4FA-4D23-8E2C-8BB73CFE1176}.Debug|iPhoneSimulator.ActiveCfg = Debug|Any CPU
		{FB45D859-C4FA-4D23-8E2C-8BB73CFE1176}.Debug|iPhoneSimulator.Build.0 = Debug|Any CPU
		{FB45D859-C4FA-4D23-8E2C-8BB73CFE1176}.Debug|iPhoneSimulator.Deploy.0 = Debug|Any CPU
		{FB45D859-C4FA-4D23-8E2C-8BB73CFE1176}.Release|Any CPU.ActiveCfg = Release|Any CPU
		{FB45D859-C4FA-4D23-8E2C-8BB73CFE1176}.Release|Any CPU.Build.0 = Release|Any CPU
		{FB45D859-C4FA-4D23-8E2C-8BB73CFE1176}.Release|Any CPU.Deploy.0 = Release|Any CPU
		{FB45D859-C4FA-4D23-8E2C-8BB73CFE1176}.Release|iPhone.ActiveCfg = Release|Any CPU
		{FB45D859-C4FA-4D23-8E2C-8BB73CFE1176}.Release|iPhone.Build.0 = Release|Any CPU
		{FB45D859-C4FA-4D23-8E2C-8BB73CFE1176}.Release|iPhone.Deploy.0 = Release|Any CPU
		{FB45D859-C4FA-4D23-8E2C-8BB73CFE1176}.Release|iPhoneSimulator.ActiveCfg = Release|Any CPU
		{FB45D859-C4FA-4D23-8E2C-8BB73CFE1176}.Release|iPhoneSimulator.Build.0 = Release|Any CPU
		{FB45D859-C4FA-4D23-8E2C-8BB73CFE1176}.Release|iPhoneSimulator.Deploy.0 = Release|Any CPU
		{45E1AF1F-C1C9-42F3-8B0E-CD0D9774EEC3}.Ad-Hoc|Any CPU.ActiveCfg = Ad-Hoc|iPhone
		{45E1AF1F-C1C9-42F3-8B0E-CD0D9774EEC3}.Ad-Hoc|iPhone.ActiveCfg = Ad-Hoc|iPhone
		{45E1AF1F-C1C9-42F3-8B0E-CD0D9774EEC3}.Ad-Hoc|iPhone.Build.0 = Ad-Hoc|iPhone
		{45E1AF1F-C1C9-42F3-8B0E-CD0D9774EEC3}.Ad-Hoc|iPhoneSimulator.ActiveCfg = Ad-Hoc|iPhoneSimulator
		{45E1AF1F-C1C9-42F3-8B0E-CD0D9774EEC3}.Ad-Hoc|iPhoneSimulator.Build.0 = Ad-Hoc|iPhoneSimulator
		{45E1AF1F-C1C9-42F3-8B0E-CD0D9774EEC3}.AppStore|Any CPU.ActiveCfg = AppStore|iPhone
		{45E1AF1F-C1C9-42F3-8B0E-CD0D9774EEC3}.AppStore|iPhone.ActiveCfg = AppStore|iPhone
		{45E1AF1F-C1C9-42F3-8B0E-CD0D9774EEC3}.AppStore|iPhone.Build.0 = AppStore|iPhone
		{45E1AF1F-C1C9-42F3-8B0E-CD0D9774EEC3}.AppStore|iPhoneSimulator.ActiveCfg = AppStore|iPhoneSimulator
		{45E1AF1F-C1C9-42F3-8B0E-CD0D9774EEC3}.AppStore|iPhoneSimulator.Build.0 = AppStore|iPhoneSimulator
		{45E1AF1F-C1C9-42F3-8B0E-CD0D9774EEC3}.Debug|Any CPU.ActiveCfg = Debug|iPhone
		{45E1AF1F-C1C9-42F3-8B0E-CD0D9774EEC3}.Debug|iPhone.ActiveCfg = Debug|iPhone
		{45E1AF1F-C1C9-42F3-8B0E-CD0D9774EEC3}.Debug|iPhone.Build.0 = Debug|iPhone
		{45E1AF1F-C1C9-42F3-8B0E-CD0D9774EEC3}.Debug|iPhoneSimulator.ActiveCfg = Debug|iPhoneSimulator
		{45E1AF1F-C1C9-42F3-8B0E-CD0D9774EEC3}.Debug|iPhoneSimulator.Build.0 = Debug|iPhoneSimulator
		{45E1AF1F-C1C9-42F3-8B0E-CD0D9774EEC3}.Release|Any CPU.ActiveCfg = Release|iPhone
		{45E1AF1F-C1C9-42F3-8B0E-CD0D9774EEC3}.Release|iPhone.ActiveCfg = Release|iPhone
		{45E1AF1F-C1C9-42F3-8B0E-CD0D9774EEC3}.Release|iPhone.Build.0 = Release|iPhone
		{45E1AF1F-C1C9-42F3-8B0E-CD0D9774EEC3}.Release|iPhoneSimulator.ActiveCfg = Release|iPhoneSimulator
		{45E1AF1F-C1C9-42F3-8B0E-CD0D9774EEC3}.Release|iPhoneSimulator.Build.0 = Release|iPhoneSimulator
	EndGlobalSection
	GlobalSection(SolutionProperties) = preSolution
		HideSolutionNode = FALSE
	EndGlobalSection
EndGlobal
